%{"decimal": {:hex, :decimal, "1.1.1"},
  "earmark": {:hex, :earmark, "0.2.1", "ba6d26ceb16106d069b289df66751734802777a3cbb6787026dd800ffeb850f3", [:mix], []},
  "ecto": {:hex, :ecto, "1.1.5"},
  "ex_doc": {:hex, :ex_doc, "0.11.4", "a064bdb720594c3745b94709b17ffb834fd858b4e0c1f48f37c0d92700759e02", [:mix], [{:earmark, "~> 0.1.17 or ~> 0.2", [hex: :earmark, optional: true]}]},
  "exfile": {:hex, :exfile, "0.3.1", "b6069df098c6f13e3d53833f34729d4e239c2b442cb7579d22b24e49eb6b6f5f", [:mix], [{:poison, "~> 1.5 or ~> 2.0", [hex: :poison, optional: true]}, {:plug, "~> 1.0.0", [hex: :plug, optional: false]}, {:phoenix_html, "~> 2.3", [hex: :phoenix_html, optional: true]}, {:phoenix, "~> 1.1.4", [hex: :phoenix, optional: true]}, {:ecto, "~> 1.0", [hex: :ecto, optional: true]}]},
  "mogrify": {:hex, :mogrify, "0.2.0"},
  "phoenix_html": {:hex, :phoenix_html, "2.5.1"},
  "plug": {:hex, :plug, "1.0.3", "8bbcbdaa4cb15170b9a15cb12153e8a6d9e176ce78e4c1990ea0b505b0ca24a0", [:mix], [{:cowboy, "~> 1.0", [hex: :cowboy, optional: true]}]},
  "poison": {:hex, :poison, "1.5.0"},
  "poolboy": {:hex, :poolboy, "1.5.1"}}
